
Microsoft Visual Studio Solution File, Format Version 12.00
# Visual Studio 15
VisualStudioVersion = 15.0.26228.4
MinimumVisualStudioVersion = 10.0.40219.1
Project("{FAE04EC0-301F-11D3-BF4B-00C04F79EFBC}") = "DAL", "DAL\DAL.csproj", "{2E1088DA-43BE-4468-B443-F38CF6B73422}"
EndProject
Project("{FAE04EC0-301F-11D3-BF4B-00C04F79EFBC}") = "BL", "BL\BL.csproj", "{8F4AB552-96C2-433D-9C35-379523567ABE}"
EndProject
Project("{FAE04EC0-301F-11D3-BF4B-00C04F79EFBC}") = "FinalProject", "FinalProject\FinalProject.csproj", "{74D71520-8642-479A-BA6A-79C69D528C65}"
EndProject
Global
	GlobalSection(SolutionConfigurationPlatforms) = preSolution
		Debug|Any CPU = Debug|Any CPU
		Release|Any CPU = Release|Any CPU
	EndGlobalSection
	GlobalSection(ProjectConfigurationPlatforms) = postSolution
		{2E1088DA-43BE-4468-B443-F38CF6B73422}.Debug|Any CPU.ActiveCfg = Debug|Any CPU
		{2E1088DA-43BE-4468-B443-F38CF6B73422}.Debug|Any CPU.Build.0 = Debug|Any CPU
		{2E1088DA-43BE-4468-B443-F38CF6B73422}.Release|Any CPU.ActiveCfg = Release|Any CPU
		{2E1088DA-43BE-4468-B443-F38CF6B73422}.Release|Any CPU.Build.0 = Release|Any CPU
		{8F4AB552-96C2-433D-9C35-379523567ABE}.Debug|Any CPU.ActiveCfg = Debug|Any CPU
		{8F4AB552-96C2-433D-9C35-379523567ABE}.Debug|Any CPU.Build.0 = Debug|Any CPU
		{8F4AB552-96C2-433D-9C35-379523567ABE}.Release|Any CPU.ActiveCfg = Release|Any CPU
		{8F4AB552-96C2-433D-9C35-379523567ABE}.Release|Any CPU.Build.0 = Release|Any CPU
		{74D71520-8642-479A-BA6A-79C69D528C65}.Debug|Any CPU.ActiveCfg = Debug|Any CPU
		{74D71520-8642-479A-BA6A-79C69D528C65}.Debug|Any CPU.Build.0 = Debug|Any CPU
		{74D71520-8642-479A-BA6A-79C69D528C65}.Release|Any CPU.ActiveCfg = Release|Any CPU
		{74D71520-8642-479A-BA6A-79C69D528C65}.Release|Any CPU.Build.0 = Release|Any CPU
	EndGlobalSection
	GlobalSection(SolutionProperties) = preSolution
		HideSolutionNode = FALSE
	EndGlobalSection
EndGlobal
